{
  "name": "@yapi-debugger/importers",
  "version": "0.1.0",
  "lockfileVersion": 3,
  "requires": true,
  "packages": {
    "": {
      "name": "@yapi-debugger/importers",
      "version": "0.1.0",
      "dependencies": {
        "@yapi-debugger/schema": "file:../debugger-schema",
        "yaml": "^2.8.1"
      }
    },
    "../debugger-schema": {
      "name": "@yapi-debugger/schema",
      "version": "0.1.0",
      "dependencies": {
        "zod": "^4.1.12"
      }
    },
    "node_modules/@yapi-debugger/schema": {
      "resolved": "../debugger-schema",
      "link": true
    },
    "node_modules/yaml": {
      "version": "2.8.3",
      "resolved": "https://registry.npmjs.org/yaml/-/yaml-2.8.3.tgz",
      "integrity": "sha512-AvbaCLOO2Otw/lW5bmh9d/WEdcDFdQp2Z2ZUH3pX9U2ihyUY0nvLv7J6TrWowklRGPYbB/IuIMfYgxaCPg5Bpg==",
      "license": "ISC",
      "bin": {
        "yaml": "bin.mjs"
      },
      "engines": {
        "node": ">= 14.6"
      },
      "funding": {
        "url": "https://github.com/sponsors/eemeli"
      }
    }
  }
}
